
Microsoft Visual Studio Solution File, Format Version 12.00
# Visual Studio 15
VisualStudioVersion = 15.0.28307.1022
MinimumVisualStudioVersion = 10.0.40219.1
Project("{FAE04EC0-301F-11D3-BF4B-00C04F79EFBC}") = "TestChartOracle", "TestChartOracle\TestChartOracle.csproj", "{A1320B84-A550-413F-8EAA-E5F0D5AB5669}"
EndProject
Global
	GlobalSection(SolutionConfigurationPlatforms) = preSolution
		Debug|Any CPU = Debug|Any CPU
		Release|Any CPU = Release|Any CPU
	EndGlobalSection
	GlobalSection(ProjectConfigurationPlatforms) = postSolution
		{A1320B84-A550-413F-8EAA-E5F0D5AB5669}.Debug|Any CPU.ActiveCfg = Debug|Any CPU
		{A1320B84-A550-413F-8EAA-E5F0D5AB5669}.Debug|Any CPU.Build.0 = Debug|Any CPU
		{A1320B84-A550-413F-8EAA-E5F0D5AB5669}.Release|Any CPU.ActiveCfg = Release|Any CPU
		{A1320B84-A550-413F-8EAA-E5F0D5AB5669}.Release|Any CPU.Build.0 = Release|Any CPU
	EndGlobalSection
	GlobalSection(SolutionProperties) = preSolution
		HideSolutionNode = FALSE
	EndGlobalSection
	GlobalSection(ExtensibilityGlobals) = postSolution
		SolutionGuid = {AD10E774-2C74-4044-A48D-4956B1526E07}
	EndGlobalSection
EndGlobal
